
Microsoft Visual Studio Solution File, Format Version 12.00
# Visual Studio Version 16
VisualStudioVersion = 16.0.30320.27
MinimumVisualStudioVersion = 10.0.40219.1
Project("{9A19103F-16F7-4668-BE54-9A1E7A4F7556}") = "SearchAddress.API", "SearchAddress.API\SearchAddress.API.csproj", "{8235C314-379A-4F44-BF5F-9884B5FA3234}"
EndProject
Project("{9A19103F-16F7-4668-BE54-9A1E7A4F7556}") = "SearchAddress.Service", "SearchAddress.Service\SearchAddress.Service.csproj", "{F2344A3B-EF77-4EA1-B07C-9B5732BC4A59}"
EndProject
Project("{FAE04EC0-301F-11D3-BF4B-00C04F79EFBC}") = "SearchAddress.Entities", "SearchAddress.Entities\SearchAddress.Entities.csproj", "{1E7BB856-DCF9-4E10-9A38-734132E2DA3C}"
EndProject
Project("{FAE04EC0-301F-11D3-BF4B-00C04F79EFBC}") = "SearchAddress.Repository", "SearchAddress.Repository\SearchAddress.Repository.csproj", "{7EEF48C0-2B06-4FAB-972F-57A18A9A6513}"
EndProject
Global
	GlobalSection(SolutionConfigurationPlatforms) = preSolution
		Debug|Any CPU = Debug|Any CPU
		Release|Any CPU = Release|Any CPU
	EndGlobalSection
	GlobalSection(ProjectConfigurationPlatforms) = postSolution
		{8235C314-379A-4F44-BF5F-9884B5FA3234}.Debug|Any CPU.ActiveCfg = Debug|Any CPU
		{8235C314-379A-4F44-BF5F-9884B5FA3234}.Debug|Any CPU.Build.0 = Debug|Any CPU
		{8235C314-379A-4F44-BF5F-9884B5FA3234}.Release|Any CPU.ActiveCfg = Release|Any CPU
		{8235C314-379A-4F44-BF5F-9884B5FA3234}.Release|Any CPU.Build.0 = Release|Any CPU
		{F2344A3B-EF77-4EA1-B07C-9B5732BC4A59}.Debug|Any CPU.ActiveCfg = Debug|Any CPU
		{F2344A3B-EF77-4EA1-B07C-9B5732BC4A59}.Debug|Any CPU.Build.0 = Debug|Any CPU
		{F2344A3B-EF77-4EA1-B07C-9B5732BC4A59}.Release|Any CPU.ActiveCfg = Release|Any CPU
		{F2344A3B-EF77-4EA1-B07C-9B5732BC4A59}.Release|Any CPU.Build.0 = Release|Any CPU
		{1E7BB856-DCF9-4E10-9A38-734132E2DA3C}.Debug|Any CPU.ActiveCfg = Debug|Any CPU
		{1E7BB856-DCF9-4E10-9A38-734132E2DA3C}.Debug|Any CPU.Build.0 = Debug|Any CPU
		{1E7BB856-DCF9-4E10-9A38-734132E2DA3C}.Release|Any CPU.ActiveCfg = Release|Any CPU
		{1E7BB856-DCF9-4E10-9A38-734132E2DA3C}.Release|Any CPU.Build.0 = Release|Any CPU
		{7EEF48C0-2B06-4FAB-972F-57A18A9A6513}.Debug|Any CPU.ActiveCfg = Debug|Any CPU
		{7EEF48C0-2B06-4FAB-972F-57A18A9A6513}.Debug|Any CPU.Build.0 = Debug|Any CPU
		{7EEF48C0-2B06-4FAB-972F-57A18A9A6513}.Release|Any CPU.ActiveCfg = Release|Any CPU
		{7EEF48C0-2B06-4FAB-972F-57A18A9A6513}.Release|Any CPU.Build.0 = Release|Any CPU
	EndGlobalSection
	GlobalSection(SolutionProperties) = preSolution
		HideSolutionNode = FALSE
	EndGlobalSection
	GlobalSection(ExtensibilityGlobals) = postSolution
		SolutionGuid = {58FB4934-9480-416A-AD5E-D260D0706433}
	EndGlobalSection
EndGlobal
